
Microsoft Visual Studio Solution File, Format Version 12.00
# Visual Studio Version 16
VisualStudioVersion = 16.0.36128.20
MinimumVisualStudioVersion = 10.0.40219.1
Project("{FAE04EC0-301F-11D3-BF4B-00C04F79EFBC}") = "InfiniteRemotingServer", "InfiniteRemotingServer\InfiniteRemotingServer.csproj", "{08376204-A5BA-4D0B-A2C3-AC059F591E82}"
EndProject
Project("{FAE04EC0-301F-11D3-BF4B-00C04F79EFBC}") = "InfiniteServicesHost", "InfiniteServicesHost\InfiniteServicesHost.csproj", "{4504062C-192C-455E-8954-82AD9EC17191}"
EndProject
Global
	GlobalSection(SolutionConfigurationPlatforms) = preSolution
		Debug|Any CPU = Debug|Any CPU
		Release|Any CPU = Release|Any CPU
	EndGlobalSection
	GlobalSection(ProjectConfigurationPlatforms) = postSolution
		{08376204-A5BA-4D0B-A2C3-AC059F591E82}.Debug|Any CPU.ActiveCfg = Debug|Any CPU
		{08376204-A5BA-4D0B-A2C3-AC059F591E82}.Debug|Any CPU.Build.0 = Debug|Any CPU
		{08376204-A5BA-4D0B-A2C3-AC059F591E82}.Release|Any CPU.ActiveCfg = Release|Any CPU
		{08376204-A5BA-4D0B-A2C3-AC059F591E82}.Release|Any CPU.Build.0 = Release|Any CPU
		{4504062C-192C-455E-8954-82AD9EC17191}.Debug|Any CPU.ActiveCfg = Debug|Any CPU
		{4504062C-192C-455E-8954-82AD9EC17191}.Debug|Any CPU.Build.0 = Debug|Any CPU
		{4504062C-192C-455E-8954-82AD9EC17191}.Release|Any CPU.ActiveCfg = Release|Any CPU
		{4504062C-192C-455E-8954-82AD9EC17191}.Release|Any CPU.Build.0 = Release|Any CPU
	EndGlobalSection
	GlobalSection(SolutionProperties) = preSolution
		HideSolutionNode = FALSE
	EndGlobalSection
	GlobalSection(ExtensibilityGlobals) = postSolution
		SolutionGuid = {CE2582DC-1459-45E7-A415-87D62FE52292}
	EndGlobalSection
EndGlobal
