
Microsoft Visual Studio Solution File, Format Version 12.00
# Visual Studio Version 16
VisualStudioVersion = 16.0.36128.20
MinimumVisualStudioVersion = 10.0.40219.1
Project("{FAE04EC0-301F-11D3-BF4B-00C04F79EFBC}") = "MOQ_Project", "MOQ_Project\MOQ_Project.csproj", "{E4504CBF-17F2-42D2-ACDC-96A4062D5337}"
EndProject
Project("{FAE04EC0-301F-11D3-BF4B-00C04F79EFBC}") = "MOQ_Test", "MOQ_Test\MOQ_Test.csproj", "{6450DE4F-AF42-45FF-BA64-FA49032A681A}"
EndProject
Global
	GlobalSection(SolutionConfigurationPlatforms) = preSolution
		Debug|Any CPU = Debug|Any CPU
		Release|Any CPU = Release|Any CPU
	EndGlobalSection
	GlobalSection(ProjectConfigurationPlatforms) = postSolution
		{E4504CBF-17F2-42D2-ACDC-96A4062D5337}.Debug|Any CPU.ActiveCfg = Debug|Any CPU
		{E4504CBF-17F2-42D2-ACDC-96A4062D5337}.Debug|Any CPU.Build.0 = Debug|Any CPU
		{E4504CBF-17F2-42D2-ACDC-96A4062D5337}.Release|Any CPU.ActiveCfg = Release|Any CPU
		{E4504CBF-17F2-42D2-ACDC-96A4062D5337}.Release|Any CPU.Build.0 = Release|Any CPU
		{6450DE4F-AF42-45FF-BA64-FA49032A681A}.Debug|Any CPU.ActiveCfg = Debug|Any CPU
		{6450DE4F-AF42-45FF-BA64-FA49032A681A}.Debug|Any CPU.Build.0 = Debug|Any CPU
		{6450DE4F-AF42-45FF-BA64-FA49032A681A}.Release|Any CPU.ActiveCfg = Release|Any CPU
		{6450DE4F-AF42-45FF-BA64-FA49032A681A}.Release|Any CPU.Build.0 = Release|Any CPU
	EndGlobalSection
	GlobalSection(SolutionProperties) = preSolution
		HideSolutionNode = FALSE
	EndGlobalSection
	GlobalSection(ExtensibilityGlobals) = postSolution
		SolutionGuid = {5426D76D-1EFD-42F7-A99D-F71813A9BA77}
	EndGlobalSection
EndGlobal
