
Microsoft Visual Studio Solution File, Format Version 12.00
# Visual Studio Version 16
VisualStudioVersion = 16.0.36128.20
MinimumVisualStudioVersion = 10.0.40219.1
Project("{FAE04EC0-301F-11D3-BF4B-00C04F79EFBC}") = "LibPrj1", "LibPrj1\LibPrj1.csproj", "{A5115C34-B477-4D2E-922B-243E540C8342}"
EndProject
Global
	GlobalSection(SolutionConfigurationPlatforms) = preSolution
		Debug|Any CPU = Debug|Any CPU
		Release|Any CPU = Release|Any CPU
	EndGlobalSection
	GlobalSection(ProjectConfigurationPlatforms) = postSolution
		{A5115C34-B477-4D2E-922B-243E540C8342}.Debug|Any CPU.ActiveCfg = Debug|Any CPU
		{A5115C34-B477-4D2E-922B-243E540C8342}.Debug|Any CPU.Build.0 = Debug|Any CPU
		{A5115C34-B477-4D2E-922B-243E540C8342}.Release|Any CPU.ActiveCfg = Release|Any CPU
		{A5115C34-B477-4D2E-922B-243E540C8342}.Release|Any CPU.Build.0 = Release|Any CPU
	EndGlobalSection
	GlobalSection(SolutionProperties) = preSolution
		HideSolutionNode = FALSE
	EndGlobalSection
	GlobalSection(ExtensibilityGlobals) = postSolution
		SolutionGuid = {A62E686F-66FA-4A71-B6D4-205328BA8641}
	EndGlobalSection
EndGlobal
