
Microsoft Visual Studio Solution File, Format Version 12.00
# Visual Studio Version 16
VisualStudioVersion = 16.0.36128.20
MinimumVisualStudioVersion = 10.0.40219.1
Project("{FAE04EC0-301F-11D3-BF4B-00C04F79EFBC}") = "StudentMarkEntryApp", "StudentMarkEntryApp\StudentMarkEntryApp.csproj", "{C6D1BDDD-A350-4C6F-B4BB-390B5F744A1D}"
EndProject
Global
	GlobalSection(SolutionConfigurationPlatforms) = preSolution
		Debug|Any CPU = Debug|Any CPU
		Release|Any CPU = Release|Any CPU
	EndGlobalSection
	GlobalSection(ProjectConfigurationPlatforms) = postSolution
		{C6D1BDDD-A350-4C6F-B4BB-390B5F744A1D}.Debug|Any CPU.ActiveCfg = Debug|Any CPU
		{C6D1BDDD-A350-4C6F-B4BB-390B5F744A1D}.Debug|Any CPU.Build.0 = Debug|Any CPU
		{C6D1BDDD-A350-4C6F-B4BB-390B5F744A1D}.Release|Any CPU.ActiveCfg = Release|Any CPU
		{C6D1BDDD-A350-4C6F-B4BB-390B5F744A1D}.Release|Any CPU.Build.0 = Release|Any CPU
	EndGlobalSection
	GlobalSection(SolutionProperties) = preSolution
		HideSolutionNode = FALSE
	EndGlobalSection
	GlobalSection(ExtensibilityGlobals) = postSolution
		SolutionGuid = {B4DC10C2-F84B-4D3E-B251-727F44CAD921}
	EndGlobalSection
EndGlobal
