
Microsoft Visual Studio Solution File, Format Version 12.00
# Visual Studio Version 16
VisualStudioVersion = 16.0.36128.20
MinimumVisualStudioVersion = 10.0.40219.1
Project("{FAE04EC0-301F-11D3-BF4B-00C04F79EFBC}") = "SingleTonPattern_2", "SingleTonPattern_2\SingleTonPattern_2.csproj", "{3E3E98CA-9B60-4BB4-8173-060632FAA218}"
EndProject
Global
	GlobalSection(SolutionConfigurationPlatforms) = preSolution
		Debug|Any CPU = Debug|Any CPU
		Release|Any CPU = Release|Any CPU
	EndGlobalSection
	GlobalSection(ProjectConfigurationPlatforms) = postSolution
		{3E3E98CA-9B60-4BB4-8173-060632FAA218}.Debug|Any CPU.ActiveCfg = Debug|Any CPU
		{3E3E98CA-9B60-4BB4-8173-060632FAA218}.Debug|Any CPU.Build.0 = Debug|Any CPU
		{3E3E98CA-9B60-4BB4-8173-060632FAA218}.Release|Any CPU.ActiveCfg = Release|Any CPU
		{3E3E98CA-9B60-4BB4-8173-060632FAA218}.Release|Any CPU.Build.0 = Release|Any CPU
	EndGlobalSection
	GlobalSection(SolutionProperties) = preSolution
		HideSolutionNode = FALSE
	EndGlobalSection
	GlobalSection(ExtensibilityGlobals) = postSolution
		SolutionGuid = {FFE6B5A9-9B78-4874-8084-089A09510D96}
	EndGlobalSection
EndGlobal
