
Microsoft Visual Studio Solution File, Format Version 12.00
# Visual Studio Version 16
VisualStudioVersion = 16.0.36128.20
MinimumVisualStudioVersion = 10.0.40219.1
Project("{FAE04EC0-301F-11D3-BF4B-00C04F79EFBC}") = "MOQ_Test", "MOC_Test\MOQ_Test.csproj", "{BEABBA4D-FB95-4AA6-976A-B8DFF75048C2}"
EndProject
Project("{FAE04EC0-301F-11D3-BF4B-00C04F79EFBC}") = "MOQ_Project", "MOQ_Project\MOQ_Project.csproj", "{7431DB94-24FC-4642-802D-99CDEC36B8C6}"
EndProject
Global
	GlobalSection(SolutionConfigurationPlatforms) = preSolution
		Debug|Any CPU = Debug|Any CPU
		Release|Any CPU = Release|Any CPU
	EndGlobalSection
	GlobalSection(ProjectConfigurationPlatforms) = postSolution
		{BEABBA4D-FB95-4AA6-976A-B8DFF75048C2}.Debug|Any CPU.ActiveCfg = Debug|Any CPU
		{BEABBA4D-FB95-4AA6-976A-B8DFF75048C2}.Debug|Any CPU.Build.0 = Debug|Any CPU
		{BEABBA4D-FB95-4AA6-976A-B8DFF75048C2}.Release|Any CPU.ActiveCfg = Release|Any CPU
		{BEABBA4D-FB95-4AA6-976A-B8DFF75048C2}.Release|Any CPU.Build.0 = Release|Any CPU
		{7431DB94-24FC-4642-802D-99CDEC36B8C6}.Debug|Any CPU.ActiveCfg = Debug|Any CPU
		{7431DB94-24FC-4642-802D-99CDEC36B8C6}.Debug|Any CPU.Build.0 = Debug|Any CPU
		{7431DB94-24FC-4642-802D-99CDEC36B8C6}.Release|Any CPU.ActiveCfg = Release|Any CPU
		{7431DB94-24FC-4642-802D-99CDEC36B8C6}.Release|Any CPU.Build.0 = Release|Any CPU
	EndGlobalSection
	GlobalSection(SolutionProperties) = preSolution
		HideSolutionNode = FALSE
	EndGlobalSection
	GlobalSection(ExtensibilityGlobals) = postSolution
		SolutionGuid = {D979F208-87C6-4744-A503-4C72CE67041B}
	EndGlobalSection
EndGlobal
